
Microsoft Visual Studio Solution File, Format Version 11.00
# Visual Studio 2010
Project("{FAE04EC0-301F-11D3-BF4B-00C04F79EFBC}") = "org.ibex.nestedvm", "org.ibex.nestedvm\org.ibex.nestedvm.csproj", "{1B094646-B486-473F-BF43-7324B4A5B9C3}"
EndProject
Project("{FAE04EC0-301F-11D3-BF4B-00C04F79EFBC}") = "RunMe", "RunMe\RunMe.csproj", "{01E0873B-9B17-4D88-8872-BEF1561B7F03}"
EndProject
Global
	GlobalSection(SolutionConfigurationPlatforms) = preSolution
		Debug|Any CPU = Debug|Any CPU
		Release|Any CPU = Release|Any CPU
	EndGlobalSection
	GlobalSection(ProjectConfigurationPlatforms) = postSolution
		{01E0873B-9B17-4D88-8872-BEF1561B7F03}.Debug|Any CPU.ActiveCfg = Debug|Any CPU
		{01E0873B-9B17-4D88-8872-BEF1561B7F03}.Debug|Any CPU.Build.0 = Debug|Any CPU
		{01E0873B-9B17-4D88-8872-BEF1561B7F03}.Release|Any CPU.ActiveCfg = Release|Any CPU
		{01E0873B-9B17-4D88-8872-BEF1561B7F03}.Release|Any CPU.Build.0 = Release|Any CPU
		{1B094646-B486-473F-BF43-7324B4A5B9C3}.Debug|Any CPU.ActiveCfg = Debug|Any CPU
		{1B094646-B486-473F-BF43-7324B4A5B9C3}.Debug|Any CPU.Build.0 = Debug|Any CPU
		{1B094646-B486-473F-BF43-7324B4A5B9C3}.Release|Any CPU.ActiveCfg = Release|Any CPU
		{1B094646-B486-473F-BF43-7324B4A5B9C3}.Release|Any CPU.Build.0 = Release|Any CPU
	EndGlobalSection
	GlobalSection(MonoDevelopProperties) = preSolution
		StartupItem = RunMe\RunMe.csproj
	EndGlobalSection
EndGlobal
